{
  "name": "task",
  "version": "1.0.0",
  "lockfileVersion": 3,
  "requires": true,
  "packages": {
    "": {
      "name": "task",
      "version": "1.0.0",
      "dependencies": {
        "vsts-task-lib": "^2.0.5"
      },
      "devDependencies": {
        "@types/node": "^8.0.7",
        "@types/q": "1.0.2"
      }
    },
    "node_modules/@types/node": {
      "version": "8.10.66",
      "resolved": "https://registry.npmjs.org/@types/node/-/node-8.10.66.tgz",
      "integrity": "sha512-tktOkFUA4kXx2hhhrB8bIFb5TbwzS4uOhKEmwiD+NoiL0qtP2OQ9mFldbgD4dV1djrlBYP6eBuQZiWjuHUpqFw==",
      "dev": true,
      "license": "MIT"
    },
    "node_modules/@types/q": {
      "version": "1.0.2",
      "resolved": "https://registry.npmjs.org/@types/q/-/q-1.0.2.tgz",
      "integrity": "sha512-XupAeovvjZlY23uWY2BT62DgG5BxaHH+qTz8FQQZ0v/FXHcPy3nFIZMfw3fIBMqTGn+13SblIyBNiE8eTO7Ryw==",
      "dev": true,
      "license": "MIT"
    },
    "node_modules/balanced-match": {
      "version": "1.0.2",
      "resolved": "https://registry.npmjs.org/balanced-match/-/balanced-match-1.0.2.tgz",
      "integrity": "sha512-3oSeUO0TMV67hN1AmbXsK4yaqU7tjiHlbxRDZOpH0KW9+CeX4bRAaX0Anxt0tx2MrpRpWwQaPwIlISEJhYU5Pw==",
      "license": "MIT"
    },
    "node_modules/brace-expansion": {
      "version": "1.1.12",
      "resolved": "https://registry.npmjs.org/brace-expansion/-/brace-expansion-1.1.12.tgz",
      "integrity": "sha512-9T9UjW3r0UW5c1Q7GTwllptXwhvYmEzFhzMfZ9H7FQWt+uZePjZPjBP/W1ZEyZ1twGWom5/56TF4lPcqjnDHcg==",
      "license": "MIT",
      "dependencies": {
        "balanced-match": "^1.0.0",
        "concat-map": "0.0.1"
      }
    },
    "node_modules/concat-map": {
      "version": "0.0.1",
      "resolved": "https://registry.npmjs.org/concat-map/-/concat-map-0.0.1.tgz",
      "integrity": "sha512-/Srv4dswyQNBfohGpz9o6Yb3Gz3SrUDqBH5rTuhGR7ahtlbYKnVxw2bCFMRljaA7EXHaXZ8wsHdodFvbkhKmqg==",
      "license": "MIT"
    },
    "node_modules/minimatch": {
      "version": "3.0.4",
      "resolved": "https://registry.npmjs.org/minimatch/-/minimatch-3.0.4.tgz",
      "integrity": "sha512-yJHVQEhyqPLUTgt9B83PXu6W3rx4MvvHvSUvToogpwoGDOUQ+yDrR0HRot+yOCdCO7u4hX3pWft6kWBBcqh0UA==",
      "license": "ISC",
      "dependencies": {
        "brace-expansion": "^1.1.7"
      },
      "engines": {
        "node": "*"
      }
    },
    "node_modules/mockery": {
      "version": "1.7.0",
      "resolved": "https://registry.npmjs.org/mockery/-/mockery-1.7.0.tgz",
      "integrity": "sha512-gUQA33ayi0tuAhr/rJNZPr7Q7uvlBt4gyJPbi0CDcAfIzIrDu1YgGMFgmAu3stJqBpK57m7+RxUbcS+pt59fKQ=="
    },
    "node_modules/q": {
      "version": "1.5.1",
      "resolved": "https://registry.npmjs.org/q/-/q-1.5.1.tgz",
      "integrity": "sha512-kV/CThkXo6xyFEZUugw/+pIOywXcDbFYgSct5cT3gqlbkBE1SJdwy6UQoZvodiWF/ckQLZyDE/Bu1M6gVu5lVw==",
      "deprecated": "You or someone you depend on is using Q, the JavaScript Promise library that gave JavaScript developers strong feelings about promises. They can almost certainly migrate to the native JavaScript promise now. Thank you literally everyone for joining me in this bet against the odds. Be excellent to each other.\n\n(For a CapTP with native promises, see @endo/eventual-send and @endo/captp)",
      "license": "MIT",
      "engines": {
        "node": ">=0.6.0",
        "teleport": ">=0.2.0"
      }
    },
    "node_modules/semver": {
      "version": "5.7.2",
      "resolved": "https://registry.npmjs.org/semver/-/semver-5.7.2.tgz",
      "integrity": "sha512-cBznnQ9KjJqU67B52RMC65CMarK2600WFnbkcaiwWq3xy/5haFJlshgnpjovMVJ+Hff49d8GEn0b87C5pDQ10g==",
      "license": "ISC",
      "bin": {
        "semver": "bin/semver"
      }
    },
    "node_modules/shelljs": {
      "version": "0.3.0",
      "resolved": "https://registry.npmjs.org/shelljs/-/shelljs-0.3.0.tgz",
      "integrity": "sha512-Ny0KN4dyT8ZSCE0frtcbAJGoM/HTArpyPkeli1/00aYfm0sbD/Gk/4x7N2DP9QKGpBsiQH7n6rpm1L79RtviEQ==",
      "license": "BSD*",
      "bin": {
        "shjs": "bin/shjs"
      },
      "engines": {
        "node": ">=0.8.0"
      }
    },
    "node_modules/uuid": {
      "version": "3.4.0",
      "resolved": "https://registry.npmjs.org/uuid/-/uuid-3.4.0.tgz",
      "integrity": "sha512-HjSDRw6gZE5JMggctHBcjVak08+KEVhSIiDzFnT9S9aegmp85S/bReBVTb4QTFaRNptJ9kuYaNhnbNEOkbKb/A==",
      "deprecated": "Please upgrade  to version 7 or higher.  Older versions may use Math.random() in certain circumstances, which is known to be problematic.  See https://v8.dev/blog/math-random for details.",
      "license": "MIT",
      "bin": {
        "uuid": "bin/uuid"
      }
    },
    "node_modules/vsts-task-lib": {
      "version": "2.7.0",
      "resolved": "https://registry.npmjs.org/vsts-task-lib/-/vsts-task-lib-2.7.0.tgz",
      "integrity": "sha512-zQqgneIZG3VY84RoIzkQr07r9fDH3lPpj6Qp07K89co/vyFznWJYpkjcdxubQm1YvgNu/P0yWYLdDruHyGGdtA==",
      "deprecated": "vsts-task-lib is deprecated.  Use azure-pipelines-task-lib instead.",
      "license": "MIT",
      "dependencies": {
        "minimatch": "3.0.4",
        "mockery": "^1.7.0",
        "q": "^1.1.2",
        "semver": "^5.1.0",
        "shelljs": "^0.3.0",
        "uuid": "^3.0.1"
      }
    }
  }
}
